
Microsoft Visual Studio Solution File, Format Version 12.00
# Visual Studio Version 16
VisualStudioVersion = 16.0.29613.14
MinimumVisualStudioVersion = 10.0.40219.1
Project("{FAE04EC0-301F-11D3-BF4B-00C04F79EFBC}") = "BattleShipGame", "BattleShipGame\BattleShipGame.csproj", "{B4177F0E-08D5-470B-AC47-0EC29451D184}"
EndProject
Project("{FAE04EC0-301F-11D3-BF4B-00C04F79EFBC}") = "BattleShipUnitTesting", "BattleShipUnitTesting\BattleShipUnitTesting.csproj", "{68B07697-574C-4E2D-8DD4-7A06ED9794B0}"
EndProject
Global
	GlobalSection(SolutionConfigurationPlatforms) = preSolution
		Debug|Any CPU = Debug|Any CPU
		Release|Any CPU = Release|Any CPU
	EndGlobalSection
	GlobalSection(ProjectConfigurationPlatforms) = postSolution
		{B4177F0E-08D5-470B-AC47-0EC29451D184}.Debug|Any CPU.ActiveCfg = Debug|Any CPU
		{B4177F0E-08D5-470B-AC47-0EC29451D184}.Debug|Any CPU.Build.0 = Debug|Any CPU
		{B4177F0E-08D5-470B-AC47-0EC29451D184}.Release|Any CPU.ActiveCfg = Release|Any CPU
		{B4177F0E-08D5-470B-AC47-0EC29451D184}.Release|Any CPU.Build.0 = Release|Any CPU
		{68B07697-574C-4E2D-8DD4-7A06ED9794B0}.Debug|Any CPU.ActiveCfg = Debug|Any CPU
		{68B07697-574C-4E2D-8DD4-7A06ED9794B0}.Debug|Any CPU.Build.0 = Debug|Any CPU
		{68B07697-574C-4E2D-8DD4-7A06ED9794B0}.Release|Any CPU.ActiveCfg = Release|Any CPU
		{68B07697-574C-4E2D-8DD4-7A06ED9794B0}.Release|Any CPU.Build.0 = Release|Any CPU
	EndGlobalSection
	GlobalSection(SolutionProperties) = preSolution
		HideSolutionNode = FALSE
	EndGlobalSection
	GlobalSection(ExtensibilityGlobals) = postSolution
		SolutionGuid = {C69BC452-B33A-42BD-B238-C8BEBE73A9C1}
	EndGlobalSection
EndGlobal
